
Microsoft Visual Studio Solution File, Format Version 12.00
# Visual Studio 14
VisualStudioVersion = 14.0.23107.0
MinimumVisualStudioVersion = 10.0.40219.1
Project("{FAE04EC0-301F-11D3-BF4B-00C04F79EFBC}") = "CSharpSixTour.DataAccessLayer", "CSharpSixTour.DataAccessLayer\CSharpSixTour.DataAccessLayer.csproj", "{37387967-6768-471C-AD33-FDAE9CAB9844}"
EndProject
Project("{FAE04EC0-301F-11D3-BF4B-00C04F79EFBC}") = "CSharpSixTour.Domain", "CSharpSixTour.Domain\CSharpSixTour.Domain.csproj", "{E06B7A97-131F-4BAC-A69D-A4063AF8EA8B}"
EndProject
Project("{FAE04EC0-301F-11D3-BF4B-00C04F79EFBC}") = "CSharpSixTour.Tests", "CSharpSixTour.Tests\CSharpSixTour.Tests.csproj", "{291DBFEE-91C5-46D9-8ABD-914909121F48}"
EndProject
Project("{FAE04EC0-301F-11D3-BF4B-00C04F79EFBC}") = "CSharpSixTour.Patterns", "CSharpSixTour.Patterns\CSharpSixTour.Patterns.csproj", "{2CE1AD8D-64C0-4413-94B5-0FED89734838}"
EndProject
Global
	GlobalSection(SolutionConfigurationPlatforms) = preSolution
		Debug|Any CPU = Debug|Any CPU
		Release|Any CPU = Release|Any CPU
	EndGlobalSection
	GlobalSection(ProjectConfigurationPlatforms) = postSolution
		{37387967-6768-471C-AD33-FDAE9CAB9844}.Debug|Any CPU.ActiveCfg = Debug|Any CPU
		{37387967-6768-471C-AD33-FDAE9CAB9844}.Debug|Any CPU.Build.0 = Debug|Any CPU
		{37387967-6768-471C-AD33-FDAE9CAB9844}.Release|Any CPU.ActiveCfg = Release|Any CPU
		{37387967-6768-471C-AD33-FDAE9CAB9844}.Release|Any CPU.Build.0 = Release|Any CPU
		{E06B7A97-131F-4BAC-A69D-A4063AF8EA8B}.Debug|Any CPU.ActiveCfg = Debug|Any CPU
		{E06B7A97-131F-4BAC-A69D-A4063AF8EA8B}.Debug|Any CPU.Build.0 = Debug|Any CPU
		{E06B7A97-131F-4BAC-A69D-A4063AF8EA8B}.Release|Any CPU.ActiveCfg = Release|Any CPU
		{E06B7A97-131F-4BAC-A69D-A4063AF8EA8B}.Release|Any CPU.Build.0 = Release|Any CPU
		{291DBFEE-91C5-46D9-8ABD-914909121F48}.Debug|Any CPU.ActiveCfg = Debug|Any CPU
		{291DBFEE-91C5-46D9-8ABD-914909121F48}.Debug|Any CPU.Build.0 = Debug|Any CPU
		{291DBFEE-91C5-46D9-8ABD-914909121F48}.Release|Any CPU.ActiveCfg = Release|Any CPU
		{291DBFEE-91C5-46D9-8ABD-914909121F48}.Release|Any CPU.Build.0 = Release|Any CPU
		{2CE1AD8D-64C0-4413-94B5-0FED89734838}.Debug|Any CPU.ActiveCfg = Debug|Any CPU
		{2CE1AD8D-64C0-4413-94B5-0FED89734838}.Debug|Any CPU.Build.0 = Debug|Any CPU
		{2CE1AD8D-64C0-4413-94B5-0FED89734838}.Release|Any CPU.ActiveCfg = Release|Any CPU
		{2CE1AD8D-64C0-4413-94B5-0FED89734838}.Release|Any CPU.Build.0 = Release|Any CPU
	EndGlobalSection
	GlobalSection(SolutionProperties) = preSolution
		HideSolutionNode = FALSE
	EndGlobalSection
EndGlobal
